<?xml version="1.0" encoding="utf-8"?>
<Project ToolsVersion="4.0" xmlns="http://schemas.microsoft.com/developer/msbuild/2003">
  <ItemGroup>
    <Filter Include="Source Files">
      <UniqueIdentifier>{4FC737F1-C7A5-4376-A066-2A32D752A2FF}</UniqueIdentifier>
      <Extensions>cpp;c;cc;cxx;c++;cppm;ixx;def;odl;idl;hpj;bat;asm;asmx</Extensions>
    </Filter>
    <Filter Include="Header Files">
      <UniqueIdentifier>{93995380-89BD-4b04-88EB-625FBE52EBFB}</UniqueIdentifier>
      <Extensions>h;hh;hpp;hxx;h++;hm;inl;inc;ipp;xsd</Extensions>
    </Filter>
    <Filter Include="Resource Files">
      <UniqueIdentifier>{67DA6AB6-F800-4c08-8B7A-83BB121AAD01}</UniqueIdentifier>
      <Extensions>rc;ico;cur;bmp;dlg;rc2;rct;bin;rgs;gif;jpg;jpeg;jpe;resx;tiff;tif;png;wav;mfcribbon-ms</Extensions>
    </Filter>
    <Filter Include="Source Files\Tetris Pieces">
      <UniqueIdentifier>{76506801-30b0-46a2-83b7-73233abb2d8d}</UniqueIdentifier>
    </Filter>
    <Filter Include="Header Files\Tetris Pieces">
      <UniqueIdentifier>{712493fe-4908-4a7b-b947-2a3ae88d052f}</UniqueIdentifier>
    </Filter>
  </ItemGroup>
  <ItemGroup>
    <ClInclude Include="Inc\Splashscreen.h">
      <Filter>Header Files</Filter>
    </ClInclude>
    <ClInclude Include="Inc\Grid.h">
      <Filter>Header Files</Filter>
    </ClInclude>
    <ClInclude Include="Inc\ColorTable.h">
      <Filter>Header Files</Filter>
    </ClInclude>
    <ClInclude Include="Inc\EnemyStats.h">
      <Filter>Header Files</Filter>
    </ClInclude>
    <ClInclude Include="Inc\MainMenu.h">
      <Filter>Header Files</Filter>
    </ClInclude>
    <ClInclude Include="Inc\UIManager.h">
      <Filter>Header Files</Filter>
    </ClInclude>
    <ClInclude Include="Inc\Particles.h">
      <Filter>Header Files</Filter>
    </ClInclude>
    <ClInclude Include="Inc\GameOver.h">
      <Filter>Header Files</Filter>
    </ClInclude>
    <ClInclude Include="Inc\gamelevel.h">
      <Filter>Header Files</Filter>
    </ClInclude>
    <ClInclude Include="Inc\TManager.h">
      <Filter>Header Files\Tetris Pieces</Filter>
    </ClInclude>
    <ClInclude Include="Inc\TPiece.h">
      <Filter>Header Files\Tetris Pieces</Filter>
    </ClInclude>
    <ClInclude Include="Inc\TPlayer.h">
      <Filter>Header Files\Tetris Pieces</Filter>
    </ClInclude>
    <ClInclude Include="Inc\GameLoop.h">
      <Filter>Header Files</Filter>
    </ClInclude>
    <ClInclude Include="Inc\WaveSystem.h">
      <Filter>Header Files</Filter>
    </ClInclude>
    <ClInclude Include="Inc\Credits.h">
      <Filter>Header Files</Filter>
    </ClInclude>
    <ClInclude Include="Inc\Options.h">
      <Filter>Header Files</Filter>
    </ClInclude>
    <ClInclude Include="Inc\Utils.h">
      <Filter>Header Files</Filter>
    </ClInclude>
    <ClInclude Include="Inc\Screenshake.h">
      <Filter>Header Files</Filter>
    </ClInclude>
    <ClInclude Include="Inc\Hearts.h">
      <Filter>Header Files</Filter>
    </ClInclude>
    <ClInclude Include="Inc\SoundManager.h">
      <Filter>Header Files</Filter>
    </ClInclude>
    <ClInclude Include="Inc\TPlayerHeld.h">
      <Filter>Header Files\Tetris Pieces</Filter>
    </ClInclude>
    <ClInclude Include="Inc\EnemyDisplay.h">
      <Filter>Header Files</Filter>
    </ClInclude>
    <ClInclude Include="Inc\Wizard.h">
      <Filter>Header Files</Filter>
    </ClInclude>
    <ClInclude Include="Inc\Tutorial.h">
      <Filter>Header Files</Filter>
    </ClInclude>
    <ClInclude Include="Inc\Win.h">
      <Filter>Header Files</Filter>
    </ClInclude>
  </ItemGroup>
  <ItemGroup>
    <ClCompile Include="Src\Grid.c">
      <Filter>Source Files</Filter>
    </ClCompile>
    <ClCompile Include="Src\main.c">
      <Filter>Source Files</Filter>
    </ClCompile>
    <ClCompile Include="Src\Splashscreen.c">
      <Filter>Source Files</Filter>
    </ClCompile>
    <ClCompile Include="Src\EnemyStats.c">
      <Filter>Source Files</Filter>
    </ClCompile>
    <ClCompile Include="Src\MainMenu.c">
      <Filter>Source Files</Filter>
    </ClCompile>
    <ClCompile Include="Src\UIManager.c">
      <Filter>Source Files</Filter>
    </ClCompile>
    <ClCompile Include="Src\Particles.c">
      <Filter>Source Files</Filter>
    </ClCompile>
    <ClCompile Include="Src\GameOver.c">
      <Filter>Source Files</Filter>
    </ClCompile>
    <ClCompile Include="Src\gamelevel.c">
      <Filter>Source Files</Filter>
    </ClCompile>
    <ClCompile Include="Src\TManager.c">
      <Filter>Source Files\Tetris Pieces</Filter>
    </ClCompile>
    <ClCompile Include="Src\TPlayer.c">
      <Filter>Source Files\Tetris Pieces</Filter>
    </ClCompile>
    <ClCompile Include="Src\GameLoop.c">
      <Filter>Source Files</Filter>
    </ClCompile>
    <ClCompile Include="Src\WaveSystem.c">
      <Filter>Source Files</Filter>
    </ClCompile>
    <ClCompile Include="Src\Credits.c">
      <Filter>Source Files</Filter>
    </ClCompile>
    <ClCompile Include="Src\Options.c">
      <Filter>Source Files</Filter>
    </ClCompile>
    <ClCompile Include="Src\Utils.c">
      <Filter>Source Files</Filter>
    </ClCompile>
    <ClCompile Include="Src\Screenshake.c">
      <Filter>Source Files</Filter>
    </ClCompile>
    <ClCompile Include="Src\Hearts.c">
      <Filter>Source Files</Filter>
    </ClCompile>
    <ClCompile Include="Src\SoundManager.c">
      <Filter>Source Files</Filter>
    </ClCompile>
    <ClCompile Include="Src\TPlayerHeld.c">
      <Filter>Source Files\Tetris Pieces</Filter>
    </ClCompile>
    <ClCompile Include="Src\EnemyDisplay.c">
      <Filter>Source Files</Filter>
    </ClCompile>
    <ClCompile Include="Src\Wizard.c">
      <Filter>Source Files</Filter>
    </ClCompile>
    <ClCompile Include="Src\Tutorial.c">
      <Filter>Source Files</Filter>
    </ClCompile>
    <ClCompile Include="Src\Win.c">
      <Filter>Source Files</Filter>
    </ClCompile>
  </ItemGroup>
</Project>